
Microsoft Visual Studio Solution File, Format Version 12.00
# Visual Studio Version 17
VisualStudioVersion = 17.3.32825.248
MinimumVisualStudioVersion = 10.0.40219.1
Project("{9A19103F-16F7-4668-BE54-9A1E7A4F7556}") = "Laba_8", "Laba_8\Laba_8.csproj", "{484537C6-58D1-429C-8154-D41205E92B4C}"
EndProject
Project("{9A19103F-16F7-4668-BE54-9A1E7A4F7556}") = "Laba8ANAGRAMMS", "..\Laba8ANAGRAMMS\Laba8ANAGRAMMS\Laba8ANAGRAMMS.csproj", "{8C8DAEF3-B9EF-47E7-A243-B3AA48D71F1A}"
EndProject
Project("{9A19103F-16F7-4668-BE54-9A1E7A4F7556}") = "Laba8Bills", "..\Laba8Bills\Laba8Bills\Laba8Bills.csproj", "{153C983A-C7B3-4776-B895-D23F2FEFE6B5}"
EndProject
Global
	GlobalSection(SolutionConfigurationPlatforms) = preSolution
		Debug|Any CPU = Debug|Any CPU
		Release|Any CPU = Release|Any CPU
	EndGlobalSection
	GlobalSection(ProjectConfigurationPlatforms) = postSolution
		{484537C6-58D1-429C-8154-D41205E92B4C}.Debug|Any CPU.ActiveCfg = Debug|Any CPU
		{484537C6-58D1-429C-8154-D41205E92B4C}.Debug|Any CPU.Build.0 = Debug|Any CPU
		{484537C6-58D1-429C-8154-D41205E92B4C}.Release|Any CPU.ActiveCfg = Release|Any CPU
		{484537C6-58D1-429C-8154-D41205E92B4C}.Release|Any CPU.Build.0 = Release|Any CPU
		{8C8DAEF3-B9EF-47E7-A243-B3AA48D71F1A}.Debug|Any CPU.ActiveCfg = Debug|Any CPU
		{8C8DAEF3-B9EF-47E7-A243-B3AA48D71F1A}.Debug|Any CPU.Build.0 = Debug|Any CPU
		{8C8DAEF3-B9EF-47E7-A243-B3AA48D71F1A}.Release|Any CPU.ActiveCfg = Release|Any CPU
		{8C8DAEF3-B9EF-47E7-A243-B3AA48D71F1A}.Release|Any CPU.Build.0 = Release|Any CPU
		{153C983A-C7B3-4776-B895-D23F2FEFE6B5}.Debug|Any CPU.ActiveCfg = Debug|Any CPU
		{153C983A-C7B3-4776-B895-D23F2FEFE6B5}.Debug|Any CPU.Build.0 = Debug|Any CPU
		{153C983A-C7B3-4776-B895-D23F2FEFE6B5}.Release|Any CPU.ActiveCfg = Release|Any CPU
		{153C983A-C7B3-4776-B895-D23F2FEFE6B5}.Release|Any CPU.Build.0 = Release|Any CPU
	EndGlobalSection
	GlobalSection(SolutionProperties) = preSolution
		HideSolutionNode = FALSE
	EndGlobalSection
	GlobalSection(ExtensibilityGlobals) = postSolution
		SolutionGuid = {14208F70-3418-47A2-96A9-B1C888483B65}
	EndGlobalSection
EndGlobal
